
Microsoft Visual Studio Solution File, Format Version 12.00
# Visual Studio Version 17
VisualStudioVersion = 17.0.31903.59
MinimumVisualStudioVersion = 10.0.40219.1
Project("{FAE04EC0-301F-11D3-BF4B-00C04F79EFBC}") = "Merge.Client", "Merge.Client\Merge.Client.csproj", "{F2B96F3A-F41D-4505-8135-B9C6ECEF44F0}"
EndProject
Project("{FAE04EC0-301F-11D3-BF4B-00C04F79EFBC}") = "Merge.Client.Test", "Merge.Client.Test\Merge.Client.Test.csproj", "{F6A9FBE2-C5A7-4E9E-BD14-E83357CC258B}"
EndProject
Global
	GlobalSection(SolutionConfigurationPlatforms) = preSolution
		Debug|Any CPU = Debug|Any CPU
		Release|Any CPU = Release|Any CPU
	EndGlobalSection
	GlobalSection(SolutionProperties) = preSolution
		HideSolutionNode = FALSE
	EndGlobalSection
	GlobalSection(ProjectConfigurationPlatforms) = postSolution
		{F2B96F3A-F41D-4505-8135-B9C6ECEF44F0}.Debug|Any CPU.ActiveCfg = Debug|Any CPU
		{F2B96F3A-F41D-4505-8135-B9C6ECEF44F0}.Debug|Any CPU.Build.0 = Debug|Any CPU
		{F2B96F3A-F41D-4505-8135-B9C6ECEF44F0}.Release|Any CPU.ActiveCfg = Release|Any CPU
		{F2B96F3A-F41D-4505-8135-B9C6ECEF44F0}.Release|Any CPU.Build.0 = Release|Any CPU
		{F6A9FBE2-C5A7-4E9E-BD14-E83357CC258B}.Debug|Any CPU.ActiveCfg = Debug|Any CPU
		{F6A9FBE2-C5A7-4E9E-BD14-E83357CC258B}.Debug|Any CPU.Build.0 = Debug|Any CPU
		{F6A9FBE2-C5A7-4E9E-BD14-E83357CC258B}.Release|Any CPU.ActiveCfg = Release|Any CPU
		{F6A9FBE2-C5A7-4E9E-BD14-E83357CC258B}.Release|Any CPU.Build.0 = Release|Any CPU
	EndGlobalSection
EndGlobal
