
Microsoft Visual Studio Solution File, Format Version 12.00
# Visual Studio Version 17
VisualStudioVersion = 17.0.31903.59
MinimumVisualStudioVersion = 10.0.40219.1
Project("{FAE04EC0-301F-11D3-BF4B-00C04F79EFBC}") = "Merge.Client", "Merge.Client\Merge.Client.csproj", "{F92C3555-78DA-4071-9D68-A417A2EA2B66}"
EndProject
Project("{FAE04EC0-301F-11D3-BF4B-00C04F79EFBC}") = "Merge.Client.Test", "Merge.Client.Test\Merge.Client.Test.csproj", "{B25CBCAD-7EAB-42F2-B1C7-2E1E8AE150BB}"
EndProject
Global
	GlobalSection(SolutionConfigurationPlatforms) = preSolution
		Debug|Any CPU = Debug|Any CPU
		Release|Any CPU = Release|Any CPU
	EndGlobalSection
	GlobalSection(SolutionProperties) = preSolution
		HideSolutionNode = FALSE
	EndGlobalSection
	GlobalSection(ProjectConfigurationPlatforms) = postSolution
		{F92C3555-78DA-4071-9D68-A417A2EA2B66}.Debug|Any CPU.ActiveCfg = Debug|Any CPU
		{F92C3555-78DA-4071-9D68-A417A2EA2B66}.Debug|Any CPU.Build.0 = Debug|Any CPU
		{F92C3555-78DA-4071-9D68-A417A2EA2B66}.Release|Any CPU.ActiveCfg = Release|Any CPU
		{F92C3555-78DA-4071-9D68-A417A2EA2B66}.Release|Any CPU.Build.0 = Release|Any CPU
		{B25CBCAD-7EAB-42F2-B1C7-2E1E8AE150BB}.Debug|Any CPU.ActiveCfg = Debug|Any CPU
		{B25CBCAD-7EAB-42F2-B1C7-2E1E8AE150BB}.Debug|Any CPU.Build.0 = Debug|Any CPU
		{B25CBCAD-7EAB-42F2-B1C7-2E1E8AE150BB}.Release|Any CPU.ActiveCfg = Release|Any CPU
		{B25CBCAD-7EAB-42F2-B1C7-2E1E8AE150BB}.Release|Any CPU.Build.0 = Release|Any CPU
	EndGlobalSection
EndGlobal
